
Microsoft Visual Studio Solution File, Format Version 12.00
# Visual Studio Version 16
VisualStudioVersion = 16.0.29326.143
MinimumVisualStudioVersion = 10.0.40219.1
Project("{FAE04EC0-301F-11D3-BF4B-00C04F79EFBC}") = "CountNumber", "CountNumber\CountNumber.csproj", "{E6F2B4D7-7701-4057-9FF6-F870C5B7C46A}"
EndProject
Project("{FAE04EC0-301F-11D3-BF4B-00C04F79EFBC}") = "ClassCreationCycler", "ClassCreationCycler\ClassCreationCycler.csproj", "{4247B790-3E5C-495F-A26A-5634C03DF859}"
EndProject
Global
	GlobalSection(SolutionConfigurationPlatforms) = preSolution
		Debug|Any CPU = Debug|Any CPU
		Release|Any CPU = Release|Any CPU
	EndGlobalSection
	GlobalSection(ProjectConfigurationPlatforms) = postSolution
		{E6F2B4D7-7701-4057-9FF6-F870C5B7C46A}.Debug|Any CPU.ActiveCfg = Debug|Any CPU
		{E6F2B4D7-7701-4057-9FF6-F870C5B7C46A}.Debug|Any CPU.Build.0 = Debug|Any CPU
		{E6F2B4D7-7701-4057-9FF6-F870C5B7C46A}.Release|Any CPU.ActiveCfg = Release|Any CPU
		{E6F2B4D7-7701-4057-9FF6-F870C5B7C46A}.Release|Any CPU.Build.0 = Release|Any CPU
		{4247B790-3E5C-495F-A26A-5634C03DF859}.Debug|Any CPU.ActiveCfg = Debug|Any CPU
		{4247B790-3E5C-495F-A26A-5634C03DF859}.Debug|Any CPU.Build.0 = Debug|Any CPU
		{4247B790-3E5C-495F-A26A-5634C03DF859}.Release|Any CPU.ActiveCfg = Release|Any CPU
		{4247B790-3E5C-495F-A26A-5634C03DF859}.Release|Any CPU.Build.0 = Release|Any CPU
	EndGlobalSection
	GlobalSection(SolutionProperties) = preSolution
		HideSolutionNode = FALSE
	EndGlobalSection
	GlobalSection(ExtensibilityGlobals) = postSolution
		SolutionGuid = {E859BE15-91B2-4C62-B2D2-A0E52D9ABF22}
	EndGlobalSection
EndGlobal
